// !$*UTF8*$!
{
	archiveVersion = 1;
	classes = {
	};
	objectVersion = 46;
	objects = {

/* Begin PBXBuildFile section */
		621FD3081F110E2F00E4B5EF /* AppDelegate.swift in Sources */ = {isa = PBXBuildFile; fileRef = 621FD3071F110E2F00E4B5EF /* AppDelegate.swift */; };
		621FD30A1F110E2F00E4B5EF /* ViewController.swift in Sources */ = {isa = PBXBuildFile; fileRef = 621FD3091F110E2F00E4B5EF /* ViewController.swift */; };
		621FD30D1F110E2F00E4B5EF /* Main.storyboard in Resources */ = {isa = PBXBuildFile; fileRef = 621FD30B1F110E2F00E4B5EF /* Main.storyboard */; };
		621FD30F1F110E2F00E4B5EF /* Assets.xcassets in Resources */ = {isa = PBXBuildFile; fileRef = 621FD30E1F110E2F00E4B5EF /* Assets.xcassets */; };
		621FD3121F110E2F00E4B5EF /* LaunchScreen.storyboard in Resources */ = {isa = PBXBuildFile; fileRef = 621FD3101F110E2F00E4B5EF /* LaunchScreen.storyboard */; };
/* End PBXBuildFile section */

/* Begin PBXFileReference section */
		621FD3041F110E2F00E4B5EF /* Recce.app */ = {isa = PBXFileReference; explicitFileType = wrapper.application; includeInIndex = 0; path = Recce.app; sourceTree = BUILT_PRODUCTS_DIR; };
		621FD3071F110E2F00E4B5EF /* AppDelegate.swift */ = {isa = PBXFileReference; lastKnownFileType = sourcecode.swift; path = AppDelegate.swift; sourceTree = "<group>"; };
		621FD3091F110E2F00E4B5EF /* ViewController.swift */ = {isa = PBXFileReference; lastKnownFileType = sourcecode.swift; path = ViewController.swift; sourceTree = "<group>"; };
		621FD30C1F110E2F00E4B5EF /* Base */ = {isa = PBXFileReference; lastKnownFileType = file.storyboard; name = Base; path = Base.lproj/Main.storyboard; sourceTree = "<group>"; };
		621FD30E1F110E2F00E4B5EF /* Assets.xcassets */ = {isa = PBXFileReference; lastKnownFileType = folder.assetcatalog; path = Assets.xcassets; sourceTree = "<group>"; };
		621FD3111F110E2F00E4B5EF /* Base */ = {isa = PBXFileReference; lastKnownFileType = file.storyboard; name = Base; path = Base.lproj/LaunchScreen.storyboard; sourceTree = "<group>"; };
		621FD3131F110E2F00E4B5EF /* Info.plist */ = {isa = PBXFileReference; lastKnownFileType = text.plist.xml; path = Info.plist; sourceTree = "<group>"; };
/* End PBXFileReference section */

/* Begin PBXFrameworksBuildPhase section */
		621FD3011F110E2F00E4B5EF /* Frameworks */ = {
			isa = PBXFrameworksBuildPhase;
			buildActionMask = 2147483647;
			files = (
			);
			runOnlyForDeploymentPostprocessing = 0;
		};
/* End PBXFrameworksBuildPhase section */

/* Begin PBXGroup section */
		621FD2FB1F110E2F00E4B5EF = {
			isa = PBXGroup;
			children = (
				621FD3061F110E2F00E4B5EF /* Recce */,
				621FD3051F110E2F00E4B5EF /* Products */,
			);
			sourceTree = "<group>";
		};
		621FD3051F110E2F00E4B5EF /* Products */ = {
			isa = PBXGroup;
			children = (
				621FD3041F110E2F00E4B5EF /* Recce.app */,
			);
			name = Products;
			sourceTree = "<group>";
		};
		621FD3061F110E2F00E4B5EF /* Recce */ = {
			isa = PBXGroup;
			children = (
				621FD3071F110E2F00E4B5EF /* AppDelegate.swift */,
				621FD3091F110E2F00E4B5EF /* ViewController.swift */,
				621FD30B1F110E2F00E4B5EF /* Main.storyboard */,
				621FD30E1F110E2F00E4B5EF /* Assets.xcassets */,
				621FD3101F110E2F00E4B5EF /* LaunchScreen.storyboard */,
				621FD3131F110E2F00E4B5EF /* Info.plist */,
			);
			path = Recce;
			sourceTree = "<group>";
		};
/* End PBXGroup section */

/* Begin PBXNativeTarget section */
		621FD3031F110E2F00E4B5EF /* Recce */ = {
			isa = PBXNativeTarget;
			buildConfigurationList = 621FD3161F110E3000E4B5EF /* Build configuration list for PBXNativeTarget "Recce" */;
			buildPhases = (
				621FD3001F110E2F00E4B5EF /* Sources */,
				621FD3011F110E2F00E4B5EF /* Frameworks */,
				621FD3021F110E2F00E4B5EF /* Resources */,
			);
			buildRules = (
			);
			dependencies = (
			);
			name = Recce;
			productName = Recce;
			productReference = 621FD3041F110E2F00E4B5EF /* Recce.app */;
			productType = "com.apple.product-type.application";
		};
/* End PBXNativeTarget section */

/* Begin PBXProject section */
		621FD2FC1F110E2F00E4B5EF /* Project object */ = {
			isa = PBXProject;
			attributes = {
				LastSwiftUpdateCheck = 0830;
				LastUpgradeCheck = 0830;
				ORGANIZATIONNAME = "Rhys Edwards";
				TargetAttributes = {
					621FD3031F110E2F00E4B5EF = {
						CreatedOnToolsVersion = 8.3.3;
						ProvisioningStyle = Automatic;
					};
				};
			};
			buildConfigurationList = 621FD2FF1F110E2F00E4B5EF /* Build configuration list for PBXProject "Recce" */;
			compatibilityVersion = "Xcode 3.2";
			developmentRegion = English;
			hasScannedForEncodings = 0;
			knownRegions = (
				en,
				Base,
			);
			mainGroup = 621FD2FB1F110E2F00E4B5EF;
			productRefGroup = 621FD3051F110E2F00E4B5EF /* Products */;
			projectDirPath = "";
			projectRoot = "";
			targets = (
				621FD3031F110E2F00E4B5EF /* Recce */,
			);
		};
/* End PBXProject section */

/* Begin PBXResourcesBuildPhase section */
		621FD3021F110E2F00E4B5EF /* Resources */ = {
			isa = PBXResourcesBuildPhase;
			buildActionMask = 2147483647;
			files = (
				621FD3121F110E2F00E4B5EF /* LaunchScreen.storyboard in Resources */,
				621FD30F1F110E2F00E4B5EF /* Assets.xcassets in Resources */,
				621FD30D1F110E2F00E4B5EF /* Main.storyboard in Resources */,
			);
			runOnlyForDeploymentPostprocessing = 0;
		};
/* End PBXResourcesBuildPhase section */

/* Begin PBXSourcesBuildPhase section */
		621FD3001F110E2F00E4B5EF /* Sources */ = {
			isa = PBXSourcesBuildPhase;
			buildActionMask = 2147483647;
			files = (
				621FD30A1F110E2F00E4B5EF /* ViewController.swift in Sources */,
				621FD3081F110E2F00E4B5EF /* AppDelegate.swift in Sources */,
			);
			runOnlyForDeploymentPostprocessing = 0;
		};
/* End PBXSourcesBuildPhase section */

/* Begin PBXVariantGroup section */
		621FD30B1F110E2F00E4B5EF /* Main.storyboard */ = {
			isa = PBXVariantGroup;
			children = (
				621FD30C1F110E2F00E4B5EF /* Base */,
			);
			name = Main.storyboard;
			sourceTree = "<group>";
		};
		621FD3101F110E2F00E4B5EF /* LaunchScreen.storyboard */ = {
			isa = PBXVariantGroup;
			children = (
				621FD3111F110E2F00E4B5EF /* Base */,
			);
			name = LaunchScreen.storyboard;
			sourceTree = "<group>";
		};
/* End PBXVariantGroup section */

/* Begin XCBuildConfiguration section */
		621FD3141F110E2F00E4B5EF /* Debug */ = {
			isa = XCBuildConfiguration;
			buildSettings = {
				ALWAYS_SEARCH_USER_PATHS = NO;
				CLANG_ANALYZER_NONNULL = YES;
				CLANG_ANALYZER_NUMBER_OBJECT_CONVERSION = YES_AGGRESSIVE;
				CLANG_CXX_LANGUAGE_STANDARD = "gnu++0x";
				CLANG_CXX_LIBRARY = "libc++";
				CLANG_ENABLE_MODULES = YES;
				CLANG_ENABLE_OBJC_ARC = YES;
				CLANG_WARN_BOOL_CONVERSION = YES;
				CLANG_WARN_CONSTANT_CONVERSION = YES;
				CLANG_WARN_DIRECT_OBJC_ISA_USAGE = YES_ERROR;
				CLANG_WARN_DOCUMENTATION_COMMENTS = YES;
				CLANG_WARN_EMPTY_BODY = YES;
				CLANG_WARN_ENUM_CONVERSION = YES;
				CLANG_WARN_INFINITE_RECURSION = YES;
				CLANG_WARN_INT_CONVERSION = YES;
				CLANG_WARN_OBJC_ROOT_CLASS = YES_ERROR;
				CLANG_WARN_SUSPICIOUS_MOVE = YES;
				CLANG_WARN_UNREACHABLE_CODE = YES;
				CLANG_WARN__DUPLICATE_METHOD_MATCH = YES;
				"CODE_SIGN_IDENTITY[sdk=iphoneos*]" = "iPhone Developer";
				COPY_PHASE_STRIP = NO;
				DEBUG_INFORMATION_FORMAT = dwarf;
				ENABLE_STRICT_OBJC_MSGSEND = YES;
				ENABLE_TESTABILITY = YES;
				GCC_C_LANGUAGE_STANDARD = gnu99;
				GCC_DYNAMIC_NO_PIC = NO;
				GCC_NO_COMMON_BLOCKS = YES;
				GCC_OPTIMIZATION_LEVEL = 0;
				GCC_PREPROCESSOR_DEFINITIONS = (
					"DEBUG=1",
					"$(inherited)",
				);
				GCC_WARN_64_TO_32_BIT_CONVERSION = YES;
				GCC_WARN_ABOUT_RETURN_TYPE = YES_ERROR;
				GCC_WARN_UNDECLARED_SELECTOR = YES;
				GCC_WARN_UNINITIALIZED_AUTOS = YES_AGGRESSIVE;
				GCC_WARN_UNUSED_FUNCTION = YES;
				GCC_WARN_UNUSED_VARIABLE = YES;
				IPHONEOS_DEPLOYMENT_TARGET = 10.3;
				MTL_ENABLE_DEBUG_INFO = YES;
				ONLY_ACTIVE_ARCH = YES;
				SDKROOT = iphoneos;
				SWIFT_ACTIVE_COMPILATION_CONDITIONS = DEBUG;
				SWIFT_OPTIMIZATION_LEVEL = "-Onone";
			};
			name = Debug;
		};
		621FD3151F110E2F00E4B5EF /* Release */ = {
			isa = XCBuildConfiguration;
			buildSettings = {
				ALWAYS_SEARCH_USER_PATHS = NO;
				CLANG_ANALYZER_NONNULL = YES;
				CLANG_ANALYZER_NUMBER_OBJECT_CONVERSION = YES_AGGRESSIVE;
				CLANG_CXX_LANGUAGE_STANDARD = "gnu++0x";
				CLANG_CXX_LIBRARY = "libc++";
				CLANG_ENABLE_MODULES = YES;
				CLANG_ENABLE_OBJC_ARC = YES;
				CLANG_WARN_BOOL_CONVERSION = YES;
				CLANG_WARN_CONSTANT_CONVERSION = YES;
				CLANG_WARN_DIRECT_OBJC_ISA_USAGE = YES_ERROR;
				CLANG_WARN_DOCUMENTATION_COMMENTS = YES;
				CLANG_WARN_EMPTY_BODY = YES;
				CLANG_WARN_ENUM_CONVERSION = YES;
				CLANG_WARN_INFINITE_RECURSION = YES;
				CLANG_WARN_INT_CONVERSION = YES;
				CLANG_WARN_OBJC_ROOT_CLASS = YES_ERROR;
				CLANG_WARN_SUSPICIOUS_MOVE = YES;
				CLANG_WARN_UNREACHABLE_CODE = YES;
				CLANG_WARN__DUPLICATE_METHOD_MATCH = YES;
				"CODE_SIGN_IDENTITY[sdk=iphoneos*]" = "iPhone Developer";
				COPY_PHASE_STRIP = NO;
				DEBUG_INFORMATION_FORMAT = "dwarf-with-dsym";
				ENABLE_NS_ASSERTIONS = NO;
				ENABLE_STRICT_OBJC_MSGSEND = YES;
				GCC_C_LANGUAGE_STANDARD = gnu99;
				GCC_NO_COMMON_BLOCKS = YES;
				GCC_WARN_64_TO_32_BIT_CONVERSION = YES;
				GCC_WARN_ABOUT_RETURN_TYPE = YES_ERROR;
				GCC_WARN_UNDECLARED_SELECTOR = YES;
				GCC_WARN_UNINITIALIZED_AUTOS = YES_AGGRESSIVE;
				GCC_WARN_UNUSED_FUNCTION = YES;
				GCC_WARN_UNUSED_VARIABLE = YES;
				IPHONEOS_DEPLOYMENT_TARGET = 10.3;
				MTL_ENABLE_DEBUG_INFO = NO;
				SDKROOT = iphoneos;
				SWIFT_OPTIMIZATION_LEVEL = "-Owholemodule";
				VALIDATE_PRODUCT = YES;
			};
			name = Release;
		};
		621FD3171F110E3000E4B5EF /* Debug */ = {
			isa = XCBuildConfiguration;
			buildSettings = {
				ASSETCATALOG_COMPILER_APPICON_NAME = AppIcon;
				INFOPLIST_FILE = Recce/Info.plist;
				LD_RUNPATH_SEARCH_PATHS = "$(inherited) @executable_path/Frameworks";
				PRODUCT_BUNDLE_IDENTIFIER = com.rhysedwards.Recce;
				PRODUCT_NAME = "$(TARGET_NAME)";
				SWIFT_VERSION = 3.0;
			};
			name = Debug;
		};
		621FD3181F110E3000E4B5EF /* Release */ = {
			isa = XCBuildConfiguration;
			buildSettings = {
				ASSETCATALOG_COMPILER_APPICON_NAME = AppIcon;
				INFOPLIST_FILE = Recce/Info.plist;
				LD_RUNPATH_SEARCH_PATHS = "$(inherited) @executable_path/Frameworks";
				PRODUCT_BUNDLE_IDENTIFIER = com.rhysedwards.Recce;
				PRODUCT_NAME = "$(TARGET_NAME)";
				SWIFT_VERSION = 3.0;
			};
			name = Release;
		};
/* End XCBuildConfiguration section */

/* Begin XCConfigurationList section */
		621FD2FF1F110E2F00E4B5EF /* Build configuration list for PBXProject "Recce" */ = {
			isa = XCConfigurationList;
			buildConfigurations = (
				621FD3141F110E2F00E4B5EF /* Debug */,
				621FD3151F110E2F00E4B5EF /* Release */,
			);
			defaultConfigurationIsVisible = 0;
			defaultConfigurationName = Release;
		};
		621FD3161F110E3000E4B5EF /* Build configuration list for PBXNativeTarget "Recce" */ = {
			isa = XCConfigurationList;
			buildConfigurations = (
				621FD3171F110E3000E4B5EF /* Debug */,
				621FD3181F110E3000E4B5EF /* Release */,
			);
			defaultConfigurationIsVisible = 0;
		};
/* End XCConfigurationList section */
	};
	rootObject = 621FD2FC1F110E2F00E4B5EF /* Project object */;
}
